
Microsoft Visual Studio Solution File, Format Version 12.00
# Visual Studio Version 16
VisualStudioVersion = 16.0.32228.343
MinimumVisualStudioVersion = 10.0.40219.1
Project("{FAE04EC0-301F-11D3-BF4B-00C04F79EFBC}") = "GLOBAL2", "GLOBAL2\GLOBAL2.csproj", "{E2D74E39-59C6-45DC-9B58-DC2B852588D5}"
EndProject
Global
	GlobalSection(SolutionConfigurationPlatforms) = preSolution
		Debug|Any CPU = Debug|Any CPU
		Release|Any CPU = Release|Any CPU
	EndGlobalSection
	GlobalSection(ProjectConfigurationPlatforms) = postSolution
		{E2D74E39-59C6-45DC-9B58-DC2B852588D5}.Debug|Any CPU.ActiveCfg = Debug|Any CPU
		{E2D74E39-59C6-45DC-9B58-DC2B852588D5}.Debug|Any CPU.Build.0 = Debug|Any CPU
		{E2D74E39-59C6-45DC-9B58-DC2B852588D5}.Release|Any CPU.ActiveCfg = Release|Any CPU
		{E2D74E39-59C6-45DC-9B58-DC2B852588D5}.Release|Any CPU.Build.0 = Release|Any CPU
	EndGlobalSection
	GlobalSection(SolutionProperties) = preSolution
		HideSolutionNode = FALSE
	EndGlobalSection
	GlobalSection(ExtensibilityGlobals) = postSolution
		SolutionGuid = {20974F91-C0DC-495E-A4FF-BC671A29BEEC}
	EndGlobalSection
EndGlobal
blob:https://web.whatsapp.com/991b47c5-3be5-4c6c-8687-67289d5c1ccf
